
Microsoft Visual Studio Solution File, Format Version 10.00
# Visual Studio 2008
Project("{8BC9CEB8-8B4A-11D0-8D11-00A0C91BC942}") = "IOServer", "IOServer\IOServer.vcproj", "{61831955-093D-45E3-9751-723B8F949B5D}"
EndProject
Global
	GlobalSection(SolutionConfigurationPlatforms) = preSolution
		Debug|Win32 = Debug|Win32
		Release|Win32 = Release|Win32
	EndGlobalSection
	GlobalSection(ProjectConfigurationPlatforms) = postSolution
		{61831955-093D-45E3-9751-723B8F949B5D}.Debug|Win32.ActiveCfg = Debug|Win32
		{61831955-093D-45E3-9751-723B8F949B5D}.Debug|Win32.Build.0 = Debug|Win32
		{61831955-093D-45E3-9751-723B8F949B5D}.Release|Win32.ActiveCfg = Release|Win32
		{61831955-093D-45E3-9751-723B8F949B5D}.Release|Win32.Build.0 = Release|Win32
	EndGlobalSection
	GlobalSection(SolutionProperties) = preSolution
		HideSolutionNode = FALSE
	EndGlobalSection
EndGlobal
